// !$*UTF8*$!
{
	archiveVersion = 1;
	classes = {
	};
	objectVersion = 50;
	objects = {

/* Begin PBXBuildFile section */
		E5203DF7269CB16500D46F1C /* AppDelegate.swift in Sources */ = {isa = PBXBuildFile; fileRef = E5203DF6269CB16500D46F1C /* AppDelegate.swift */; };
		E5203DF9269CB16500D46F1C /* SceneDelegate.swift in Sources */ = {isa = PBXBuildFile; fileRef = E5203DF8269CB16500D46F1C /* SceneDelegate.swift */; };
		E5203DFB269CB16500D46F1C /* ViewController.swift in Sources */ = {isa = PBXBuildFile; fileRef = E5203DFA269CB16500D46F1C /* ViewController.swift */; };
		E5203DFE269CB16500D46F1C /* Main.storyboard in Resources */ = {isa = PBXBuildFile; fileRef = E5203DFC269CB16500D46F1C /* Main.storyboard */; };
		E5203E01269CB16500D46F1C /* Threads.xcdatamodeld in Sources */ = {isa = PBXBuildFile; fileRef = E5203DFF269CB16500D46F1C /* Threads.xcdatamodeld */; };
		E5203E03269CB16A00D46F1C /* Assets.xcassets in Resources */ = {isa = PBXBuildFile; fileRef = E5203E02269CB16A00D46F1C /* Assets.xcassets */; };
		E5203E06269CB16A00D46F1C /* LaunchScreen.storyboard in Resources */ = {isa = PBXBuildFile; fileRef = E5203E04269CB16A00D46F1C /* LaunchScreen.storyboard */; };
		E5203E11269CB16B00D46F1C /* ThreadsTests.swift in Sources */ = {isa = PBXBuildFile; fileRef = E5203E10269CB16B00D46F1C /* ThreadsTests.swift */; };
		E5203E1C269CB16B00D46F1C /* ThreadsUITests.swift in Sources */ = {isa = PBXBuildFile; fileRef = E5203E1B269CB16B00D46F1C /* ThreadsUITests.swift */; };
		E5203E2A269D7EFB00D46F1C /* LoadImageViewController.swift in Sources */ = {isa = PBXBuildFile; fileRef = E5203E29269D7EFB00D46F1C /* LoadImageViewController.swift */; };
		E5203E2C269D923000D46F1C /* BlurImageViewController.swift in Sources */ = {isa = PBXBuildFile; fileRef = E5203E2B269D923000D46F1C /* BlurImageViewController.swift */; };
		E5203E2E26A0582000D46F1C /* PrimeNumbersViewController.swift in Sources */ = {isa = PBXBuildFile; fileRef = E5203E2D26A0582000D46F1C /* PrimeNumbersViewController.swift */; };
		E5203E3026A074B400D46F1C /* PrimeNumbers.swift in Sources */ = {isa = PBXBuildFile; fileRef = E5203E2F26A074B400D46F1C /* PrimeNumbers.swift */; };
		E5203E3226A0A2DF00D46F1C /* QueueOfTasks.swift in Sources */ = {isa = PBXBuildFile; fileRef = E5203E3126A0A2DF00D46F1C /* QueueOfTasks.swift */; };
		E5203E3426A585DA00D46F1C /* QueueOfTasksViewController.swift in Sources */ = {isa = PBXBuildFile; fileRef = E5203E3326A585DA00D46F1C /* QueueOfTasksViewController.swift */; };
/* End PBXBuildFile section */

/* Begin PBXContainerItemProxy section */
		E5203E0D269CB16B00D46F1C /* PBXContainerItemProxy */ = {
			isa = PBXContainerItemProxy;
			containerPortal = E5203DEB269CB16500D46F1C /* Project object */;
			proxyType = 1;
			remoteGlobalIDString = E5203DF2269CB16500D46F1C;
			remoteInfo = Threads;
		};
		E5203E18269CB16B00D46F1C /* PBXContainerItemProxy */ = {
			isa = PBXContainerItemProxy;
			containerPortal = E5203DEB269CB16500D46F1C /* Project object */;
			proxyType = 1;
			remoteGlobalIDString = E5203DF2269CB16500D46F1C;
			remoteInfo = Threads;
		};
/* End PBXContainerItemProxy section */

/* Begin PBXFileReference section */
		E5203DF3269CB16500D46F1C /* Threads.app */ = {isa = PBXFileReference; explicitFileType = wrapper.application; includeInIndex = 0; path = Threads.app; sourceTree = BUILT_PRODUCTS_DIR; };
		E5203DF6269CB16500D46F1C /* AppDelegate.swift */ = {isa = PBXFileReference; lastKnownFileType = sourcecode.swift; path = AppDelegate.swift; sourceTree = "<group>"; };
		E5203DF8269CB16500D46F1C /* SceneDelegate.swift */ = {isa = PBXFileReference; lastKnownFileType = sourcecode.swift; path = SceneDelegate.swift; sourceTree = "<group>"; };
		E5203DFA269CB16500D46F1C /* ViewController.swift */ = {isa = PBXFileReference; lastKnownFileType = sourcecode.swift; path = ViewController.swift; sourceTree = "<group>"; };
		E5203DFD269CB16500D46F1C /* Base */ = {isa = PBXFileReference; lastKnownFileType = file.storyboard; name = Base; path = Base.lproj/Main.storyboard; sourceTree = "<group>"; };
		E5203E00269CB16500D46F1C /* Threads.xcdatamodel */ = {isa = PBXFileReference; lastKnownFileType = wrapper.xcdatamodel; path = Threads.xcdatamodel; sourceTree = "<group>"; };
		E5203E02269CB16A00D46F1C /* Assets.xcassets */ = {isa = PBXFileReference; lastKnownFileType = folder.assetcatalog; path = Assets.xcassets; sourceTree = "<group>"; };
		E5203E05269CB16A00D46F1C /* Base */ = {isa = PBXFileReference; lastKnownFileType = file.storyboard; name = Base; path = Base.lproj/LaunchScreen.storyboard; sourceTree = "<group>"; };
		E5203E07269CB16A00D46F1C /* Info.plist */ = {isa = PBXFileReference; lastKnownFileType = text.plist.xml; path = Info.plist; sourceTree = "<group>"; };
		E5203E0C269CB16B00D46F1C /* ThreadsTests.xctest */ = {isa = PBXFileReference; explicitFileType = wrapper.cfbundle; includeInIndex = 0; path = ThreadsTests.xctest; sourceTree = BUILT_PRODUCTS_DIR; };
		E5203E10269CB16B00D46F1C /* ThreadsTests.swift */ = {isa = PBXFileReference; lastKnownFileType = sourcecode.swift; path = ThreadsTests.swift; sourceTree = "<group>"; };
		E5203E12269CB16B00D46F1C /* Info.plist */ = {isa = PBXFileReference; lastKnownFileType = text.plist.xml; path = Info.plist; sourceTree = "<group>"; };
		E5203E17269CB16B00D46F1C /* ThreadsUITests.xctest */ = {isa = PBXFileReference; explicitFileType = wrapper.cfbundle; includeInIndex = 0; path = ThreadsUITests.xctest; sourceTree = BUILT_PRODUCTS_DIR; };
		E5203E1B269CB16B00D46F1C /* ThreadsUITests.swift */ = {isa = PBXFileReference; lastKnownFileType = sourcecode.swift; path = ThreadsUITests.swift; sourceTree = "<group>"; };
		E5203E1D269CB16B00D46F1C /* Info.plist */ = {isa = PBXFileReference; lastKnownFileType = text.plist.xml; path = Info.plist; sourceTree = "<group>"; };
		E5203E29269D7EFB00D46F1C /* LoadImageViewController.swift */ = {isa = PBXFileReference; lastKnownFileType = sourcecode.swift; path = LoadImageViewController.swift; sourceTree = "<group>"; };
		E5203E2B269D923000D46F1C /* BlurImageViewController.swift */ = {isa = PBXFileReference; lastKnownFileType = sourcecode.swift; path = BlurImageViewController.swift; sourceTree = "<group>"; };
		E5203E2D26A0582000D46F1C /* PrimeNumbersViewController.swift */ = {isa = PBXFileReference; lastKnownFileType = sourcecode.swift; path = PrimeNumbersViewController.swift; sourceTree = "<group>"; };
		E5203E2F26A074B400D46F1C /* PrimeNumbers.swift */ = {isa = PBXFileReference; lastKnownFileType = sourcecode.swift; path = PrimeNumbers.swift; sourceTree = "<group>"; };
		E5203E3126A0A2DF00D46F1C /* QueueOfTasks.swift */ = {isa = PBXFileReference; lastKnownFileType = sourcecode.swift; path = QueueOfTasks.swift; sourceTree = "<group>"; };
		E5203E3326A585DA00D46F1C /* QueueOfTasksViewController.swift */ = {isa = PBXFileReference; lastKnownFileType = sourcecode.swift; path = QueueOfTasksViewController.swift; sourceTree = "<group>"; };
/* End PBXFileReference section */

/* Begin PBXFrameworksBuildPhase section */
		E5203DF0269CB16500D46F1C /* Frameworks */ = {
			isa = PBXFrameworksBuildPhase;
			buildActionMask = 2147483647;
			files = (
			);
			runOnlyForDeploymentPostprocessing = 0;
		};
		E5203E09269CB16B00D46F1C /* Frameworks */ = {
			isa = PBXFrameworksBuildPhase;
			buildActionMask = 2147483647;
			files = (
			);
			runOnlyForDeploymentPostprocessing = 0;
		};
		E5203E14269CB16B00D46F1C /* Frameworks */ = {
			isa = PBXFrameworksBuildPhase;
			buildActionMask = 2147483647;
			files = (
			);
			runOnlyForDeploymentPostprocessing = 0;
		};
/* End PBXFrameworksBuildPhase section */

/* Begin PBXGroup section */
		E5203DEA269CB16500D46F1C = {
			isa = PBXGroup;
			children = (
				E5203DF5269CB16500D46F1C /* Threads */,
				E5203E0F269CB16B00D46F1C /* ThreadsTests */,
				E5203E1A269CB16B00D46F1C /* ThreadsUITests */,
				E5203DF4269CB16500D46F1C /* Products */,
			);
			sourceTree = "<group>";
		};
		E5203DF4269CB16500D46F1C /* Products */ = {
			isa = PBXGroup;
			children = (
				E5203DF3269CB16500D46F1C /* Threads.app */,
				E5203E0C269CB16B00D46F1C /* ThreadsTests.xctest */,
				E5203E17269CB16B00D46F1C /* ThreadsUITests.xctest */,
			);
			name = Products;
			sourceTree = "<group>";
		};
		E5203DF5269CB16500D46F1C /* Threads */ = {
			isa = PBXGroup;
			children = (
				E5203DF6269CB16500D46F1C /* AppDelegate.swift */,
				E5203DF8269CB16500D46F1C /* SceneDelegate.swift */,
				E5203DFA269CB16500D46F1C /* ViewController.swift */,
				E5203DFC269CB16500D46F1C /* Main.storyboard */,
				E5203E29269D7EFB00D46F1C /* LoadImageViewController.swift */,
				E5203E2B269D923000D46F1C /* BlurImageViewController.swift */,
				E5203E2F26A074B400D46F1C /* PrimeNumbers.swift */,
				E5203E2D26A0582000D46F1C /* PrimeNumbersViewController.swift */,
				E5203E3126A0A2DF00D46F1C /* QueueOfTasks.swift */,
				E5203E3326A585DA00D46F1C /* QueueOfTasksViewController.swift */,
				E5203E02269CB16A00D46F1C /* Assets.xcassets */,
				E5203E04269CB16A00D46F1C /* LaunchScreen.storyboard */,
				E5203E07269CB16A00D46F1C /* Info.plist */,
				E5203DFF269CB16500D46F1C /* Threads.xcdatamodeld */,
			);
			path = Threads;
			sourceTree = "<group>";
		};
		E5203E0F269CB16B00D46F1C /* ThreadsTests */ = {
			isa = PBXGroup;
			children = (
				E5203E10269CB16B00D46F1C /* ThreadsTests.swift */,
				E5203E12269CB16B00D46F1C /* Info.plist */,
			);
			path = ThreadsTests;
			sourceTree = "<group>";
		};
		E5203E1A269CB16B00D46F1C /* ThreadsUITests */ = {
			isa = PBXGroup;
			children = (
				E5203E1B269CB16B00D46F1C /* ThreadsUITests.swift */,
				E5203E1D269CB16B00D46F1C /* Info.plist */,
			);
			path = ThreadsUITests;
			sourceTree = "<group>";
		};
/* End PBXGroup section */

/* Begin PBXNativeTarget section */
		E5203DF2269CB16500D46F1C /* Threads */ = {
			isa = PBXNativeTarget;
			buildConfigurationList = E5203E20269CB16B00D46F1C /* Build configuration list for PBXNativeTarget "Threads" */;
			buildPhases = (
				E5203DEF269CB16500D46F1C /* Sources */,
				E5203DF0269CB16500D46F1C /* Frameworks */,
				E5203DF1269CB16500D46F1C /* Resources */,
			);
			buildRules = (
			);
			dependencies = (
			);
			name = Threads;
			productName = Threads;
			productReference = E5203DF3269CB16500D46F1C /* Threads.app */;
			productType = "com.apple.product-type.application";
		};
		E5203E0B269CB16B00D46F1C /* ThreadsTests */ = {
			isa = PBXNativeTarget;
			buildConfigurationList = E5203E23269CB16B00D46F1C /* Build configuration list for PBXNativeTarget "ThreadsTests" */;
			buildPhases = (
				E5203E08269CB16B00D46F1C /* Sources */,
				E5203E09269CB16B00D46F1C /* Frameworks */,
				E5203E0A269CB16B00D46F1C /* Resources */,
			);
			buildRules = (
			);
			dependencies = (
				E5203E0E269CB16B00D46F1C /* PBXTargetDependency */,
			);
			name = ThreadsTests;
			productName = ThreadsTests;
			productReference = E5203E0C269CB16B00D46F1C /* ThreadsTests.xctest */;
			productType = "com.apple.product-type.bundle.unit-test";
		};
		E5203E16269CB16B00D46F1C /* ThreadsUITests */ = {
			isa = PBXNativeTarget;
			buildConfigurationList = E5203E26269CB16B00D46F1C /* Build configuration list for PBXNativeTarget "ThreadsUITests" */;
			buildPhases = (
				E5203E13269CB16B00D46F1C /* Sources */,
				E5203E14269CB16B00D46F1C /* Frameworks */,
				E5203E15269CB16B00D46F1C /* Resources */,
			);
			buildRules = (
			);
			dependencies = (
				E5203E19269CB16B00D46F1C /* PBXTargetDependency */,
			);
			name = ThreadsUITests;
			productName = ThreadsUITests;
			productReference = E5203E17269CB16B00D46F1C /* ThreadsUITests.xctest */;
			productType = "com.apple.product-type.bundle.ui-testing";
		};
/* End PBXNativeTarget section */

/* Begin PBXProject section */
		E5203DEB269CB16500D46F1C /* Project object */ = {
			isa = PBXProject;
			attributes = {
				LastSwiftUpdateCheck = 1250;
				LastUpgradeCheck = 1250;
				TargetAttributes = {
					E5203DF2269CB16500D46F1C = {
						CreatedOnToolsVersion = 12.5.1;
					};
					E5203E0B269CB16B00D46F1C = {
						CreatedOnToolsVersion = 12.5.1;
						TestTargetID = E5203DF2269CB16500D46F1C;
					};
					E5203E16269CB16B00D46F1C = {
						CreatedOnToolsVersion = 12.5.1;
						TestTargetID = E5203DF2269CB16500D46F1C;
					};
				};
			};
			buildConfigurationList = E5203DEE269CB16500D46F1C /* Build configuration list for PBXProject "Threads" */;
			compatibilityVersion = "Xcode 9.3";
			developmentRegion = en;
			hasScannedForEncodings = 0;
			knownRegions = (
				en,
				Base,
			);
			mainGroup = E5203DEA269CB16500D46F1C;
			productRefGroup = E5203DF4269CB16500D46F1C /* Products */;
			projectDirPath = "";
			projectRoot = "";
			targets = (
				E5203DF2269CB16500D46F1C /* Threads */,
				E5203E0B269CB16B00D46F1C /* ThreadsTests */,
				E5203E16269CB16B00D46F1C /* ThreadsUITests */,
			);
		};
/* End PBXProject section */

/* Begin PBXResourcesBuildPhase section */
		E5203DF1269CB16500D46F1C /* Resources */ = {
			isa = PBXResourcesBuildPhase;
			buildActionMask = 2147483647;
			files = (
				E5203E06269CB16A00D46F1C /* LaunchScreen.storyboard in Resources */,
				E5203E03269CB16A00D46F1C /* Assets.xcassets in Resources */,
				E5203DFE269CB16500D46F1C /* Main.storyboard in Resources */,
			);
			runOnlyForDeploymentPostprocessing = 0;
		};
		E5203E0A269CB16B00D46F1C /* Resources */ = {
			isa = PBXResourcesBuildPhase;
			buildActionMask = 2147483647;
			files = (
			);
			runOnlyForDeploymentPostprocessing = 0;
		};
		E5203E15269CB16B00D46F1C /* Resources */ = {
			isa = PBXResourcesBuildPhase;
			buildActionMask = 2147483647;
			files = (
			);
			runOnlyForDeploymentPostprocessing = 0;
		};
/* End PBXResourcesBuildPhase section */

/* Begin PBXSourcesBuildPhase section */
		E5203DEF269CB16500D46F1C /* Sources */ = {
			isa = PBXSourcesBuildPhase;
			buildActionMask = 2147483647;
			files = (
				E5203DFB269CB16500D46F1C /* ViewController.swift in Sources */,
				E5203E2E26A0582000D46F1C /* PrimeNumbersViewController.swift in Sources */,
				E5203E3426A585DA00D46F1C /* QueueOfTasksViewController.swift in Sources */,
				E5203E3226A0A2DF00D46F1C /* QueueOfTasks.swift in Sources */,
				E5203DF7269CB16500D46F1C /* AppDelegate.swift in Sources */,
				E5203DF9269CB16500D46F1C /* SceneDelegate.swift in Sources */,
				E5203E2C269D923000D46F1C /* BlurImageViewController.swift in Sources */,
				E5203E2A269D7EFB00D46F1C /* LoadImageViewController.swift in Sources */,
				E5203E3026A074B400D46F1C /* PrimeNumbers.swift in Sources */,
				E5203E01269CB16500D46F1C /* Threads.xcdatamodeld in Sources */,
			);
			runOnlyForDeploymentPostprocessing = 0;
		};
		E5203E08269CB16B00D46F1C /* Sources */ = {
			isa = PBXSourcesBuildPhase;
			buildActionMask = 2147483647;
			files = (
				E5203E11269CB16B00D46F1C /* ThreadsTests.swift in Sources */,
			);
			runOnlyForDeploymentPostprocessing = 0;
		};
		E5203E13269CB16B00D46F1C /* Sources */ = {
			isa = PBXSourcesBuildPhase;
			buildActionMask = 2147483647;
			files = (
				E5203E1C269CB16B00D46F1C /* ThreadsUITests.swift in Sources */,
			);
			runOnlyForDeploymentPostprocessing = 0;
		};
/* End PBXSourcesBuildPhase section */

/* Begin PBXTargetDependency section */
		E5203E0E269CB16B00D46F1C /* PBXTargetDependency */ = {
			isa = PBXTargetDependency;
			target = E5203DF2269CB16500D46F1C /* Threads */;
			targetProxy = E5203E0D269CB16B00D46F1C /* PBXContainerItemProxy */;
		};
		E5203E19269CB16B00D46F1C /* PBXTargetDependency */ = {
			isa = PBXTargetDependency;
			target = E5203DF2269CB16500D46F1C /* Threads */;
			targetProxy = E5203E18269CB16B00D46F1C /* PBXContainerItemProxy */;
		};
/* End PBXTargetDependency section */

/* Begin PBXVariantGroup section */
		E5203DFC269CB16500D46F1C /* Main.storyboard */ = {
			isa = PBXVariantGroup;
			children = (
				E5203DFD269CB16500D46F1C /* Base */,
			);
			name = Main.storyboard;
			sourceTree = "<group>";
		};
		E5203E04269CB16A00D46F1C /* LaunchScreen.storyboard */ = {
			isa = PBXVariantGroup;
			children = (
				E5203E05269CB16A00D46F1C /* Base */,
			);
			name = LaunchScreen.storyboard;
			sourceTree = "<group>";
		};
/* End PBXVariantGroup section */

/* Begin XCBuildConfiguration section */
		E5203E1E269CB16B00D46F1C /* Debug */ = {
			isa = XCBuildConfiguration;
			buildSettings = {
				ALWAYS_SEARCH_USER_PATHS = NO;
				CLANG_ANALYZER_NONNULL = YES;
				CLANG_ANALYZER_NUMBER_OBJECT_CONVERSION = YES_AGGRESSIVE;
				CLANG_CXX_LANGUAGE_STANDARD = "gnu++14";
				CLANG_CXX_LIBRARY = "libc++";
				CLANG_ENABLE_MODULES = YES;
				CLANG_ENABLE_OBJC_ARC = YES;
				CLANG_ENABLE_OBJC_WEAK = YES;
				CLANG_WARN_BLOCK_CAPTURE_AUTORELEASING = YES;
				CLANG_WARN_BOOL_CONVERSION = YES;
				CLANG_WARN_COMMA = YES;
				CLANG_WARN_CONSTANT_CONVERSION = YES;
				CLANG_WARN_DEPRECATED_OBJC_IMPLEMENTATIONS = YES;
				CLANG_WARN_DIRECT_OBJC_ISA_USAGE = YES_ERROR;
				CLANG_WARN_DOCUMENTATION_COMMENTS = YES;
				CLANG_WARN_EMPTY_BODY = YES;
				CLANG_WARN_ENUM_CONVERSION = YES;
				CLANG_WARN_INFINITE_RECURSION = YES;
				CLANG_WARN_INT_CONVERSION = YES;
				CLANG_WARN_NON_LITERAL_NULL_CONVERSION = YES;
				CLANG_WARN_OBJC_IMPLICIT_RETAIN_SELF = YES;
				CLANG_WARN_OBJC_LITERAL_CONVERSION = YES;
				CLANG_WARN_OBJC_ROOT_CLASS = YES_ERROR;
				CLANG_WARN_QUOTED_INCLUDE_IN_FRAMEWORK_HEADER = YES;
				CLANG_WARN_RANGE_LOOP_ANALYSIS = YES;
				CLANG_WARN_STRICT_PROTOTYPES = YES;
				CLANG_WARN_SUSPICIOUS_MOVE = YES;
				CLANG_WARN_UNGUARDED_AVAILABILITY = YES_AGGRESSIVE;
				CLANG_WARN_UNREACHABLE_CODE = YES;
				CLANG_WARN__DUPLICATE_METHOD_MATCH = YES;
				COPY_PHASE_STRIP = NO;
				DEBUG_INFORMATION_FORMAT = dwarf;
				ENABLE_STRICT_OBJC_MSGSEND = YES;
				ENABLE_TESTABILITY = YES;
				GCC_C_LANGUAGE_STANDARD = gnu11;
				GCC_DYNAMIC_NO_PIC = NO;
				GCC_NO_COMMON_BLOCKS = YES;
				GCC_OPTIMIZATION_LEVEL = 0;
				GCC_PREPROCESSOR_DEFINITIONS = (
					"DEBUG=1",
					"$(inherited)",
				);
				GCC_WARN_64_TO_32_BIT_CONVERSION = YES;
				GCC_WARN_ABOUT_RETURN_TYPE = YES_ERROR;
				GCC_WARN_UNDECLARED_SELECTOR = YES;
				GCC_WARN_UNINITIALIZED_AUTOS = YES_AGGRESSIVE;
				GCC_WARN_UNUSED_FUNCTION = YES;
				GCC_WARN_UNUSED_VARIABLE = YES;
				IPHONEOS_DEPLOYMENT_TARGET = 14.5;
				MTL_ENABLE_DEBUG_INFO = INCLUDE_SOURCE;
				MTL_FAST_MATH = YES;
				ONLY_ACTIVE_ARCH = YES;
				SDKROOT = iphoneos;
				SWIFT_ACTIVE_COMPILATION_CONDITIONS = DEBUG;
				SWIFT_OPTIMIZATION_LEVEL = "-Onone";
			};
			name = Debug;
		};
		E5203E1F269CB16B00D46F1C /* Release */ = {
			isa = XCBuildConfiguration;
			buildSettings = {
				ALWAYS_SEARCH_USER_PATHS = NO;
				CLANG_ANALYZER_NONNULL = YES;
				CLANG_ANALYZER_NUMBER_OBJECT_CONVERSION = YES_AGGRESSIVE;
				CLANG_CXX_LANGUAGE_STANDARD = "gnu++14";
				CLANG_CXX_LIBRARY = "libc++";
				CLANG_ENABLE_MODULES = YES;
				CLANG_ENABLE_OBJC_ARC = YES;
				CLANG_ENABLE_OBJC_WEAK = YES;
				CLANG_WARN_BLOCK_CAPTURE_AUTORELEASING = YES;
				CLANG_WARN_BOOL_CONVERSION = YES;
				CLANG_WARN_COMMA = YES;
				CLANG_WARN_CONSTANT_CONVERSION = YES;
				CLANG_WARN_DEPRECATED_OBJC_IMPLEMENTATIONS = YES;
				CLANG_WARN_DIRECT_OBJC_ISA_USAGE = YES_ERROR;
				CLANG_WARN_DOCUMENTATION_COMMENTS = YES;
				CLANG_WARN_EMPTY_BODY = YES;
				CLANG_WARN_ENUM_CONVERSION = YES;
				CLANG_WARN_INFINITE_RECURSION = YES;
				CLANG_WARN_INT_CONVERSION = YES;
				CLANG_WARN_NON_LITERAL_NULL_CONVERSION = YES;
				CLANG_WARN_OBJC_IMPLICIT_RETAIN_SELF = YES;
				CLANG_WARN_OBJC_LITERAL_CONVERSION = YES;
				CLANG_WARN_OBJC_ROOT_CLASS = YES_ERROR;
				CLANG_WARN_QUOTED_INCLUDE_IN_FRAMEWORK_HEADER = YES;
				CLANG_WARN_RANGE_LOOP_ANALYSIS = YES;
				CLANG_WARN_STRICT_PROTOTYPES = YES;
				CLANG_WARN_SUSPICIOUS_MOVE = YES;
				CLANG_WARN_UNGUARDED_AVAILABILITY = YES_AGGRESSIVE;
				CLANG_WARN_UNREACHABLE_CODE = YES;
				CLANG_WARN__DUPLICATE_METHOD_MATCH = YES;
				COPY_PHASE_STRIP = NO;
				DEBUG_INFORMATION_FORMAT = "dwarf-with-dsym";
				ENABLE_NS_ASSERTIONS = NO;
				ENABLE_STRICT_OBJC_MSGSEND = YES;
				GCC_C_LANGUAGE_STANDARD = gnu11;
				GCC_NO_COMMON_BLOCKS = YES;
				GCC_WARN_64_TO_32_BIT_CONVERSION = YES;
				GCC_WARN_ABOUT_RETURN_TYPE = YES_ERROR;
				GCC_WARN_UNDECLARED_SELECTOR = YES;
				GCC_WARN_UNINITIALIZED_AUTOS = YES_AGGRESSIVE;
				GCC_WARN_UNUSED_FUNCTION = YES;
				GCC_WARN_UNUSED_VARIABLE = YES;
				IPHONEOS_DEPLOYMENT_TARGET = 14.5;
				MTL_ENABLE_DEBUG_INFO = NO;
				MTL_FAST_MATH = YES;
				SDKROOT = iphoneos;
				SWIFT_COMPILATION_MODE = wholemodule;
				SWIFT_OPTIMIZATION_LEVEL = "-O";
				VALIDATE_PRODUCT = YES;
			};
			name = Release;
		};
		E5203E21269CB16B00D46F1C /* Debug */ = {
			isa = XCBuildConfiguration;
			buildSettings = {
				ASSETCATALOG_COMPILER_APPICON_NAME = AppIcon;
				ASSETCATALOG_COMPILER_GLOBAL_ACCENT_COLOR_NAME = AccentColor;
				CODE_SIGN_STYLE = Automatic;
				INFOPLIST_FILE = Threads/Info.plist;
				LD_RUNPATH_SEARCH_PATHS = (
					"$(inherited)",
					"@executable_path/Frameworks",
				);
				PRODUCT_BUNDLE_IDENTIFIER = gipfel.Threads;
				PRODUCT_NAME = "$(TARGET_NAME)";
				SWIFT_VERSION = 5.0;
				TARGETED_DEVICE_FAMILY = "1,2";
			};
			name = Debug;
		};
		E5203E22269CB16B00D46F1C /* Release */ = {
			isa = XCBuildConfiguration;
			buildSettings = {
				ASSETCATALOG_COMPILER_APPICON_NAME = AppIcon;
				ASSETCATALOG_COMPILER_GLOBAL_ACCENT_COLOR_NAME = AccentColor;
				CODE_SIGN_STYLE = Automatic;
				INFOPLIST_FILE = Threads/Info.plist;
				LD_RUNPATH_SEARCH_PATHS = (
					"$(inherited)",
					"@executable_path/Frameworks",
				);
				PRODUCT_BUNDLE_IDENTIFIER = gipfel.Threads;
				PRODUCT_NAME = "$(TARGET_NAME)";
				SWIFT_VERSION = 5.0;
				TARGETED_DEVICE_FAMILY = "1,2";
			};
			name = Release;
		};
		E5203E24269CB16B00D46F1C /* Debug */ = {
			isa = XCBuildConfiguration;
			buildSettings = {
				ALWAYS_EMBED_SWIFT_STANDARD_LIBRARIES = YES;
				BUNDLE_LOADER = "$(TEST_HOST)";
				CODE_SIGN_STYLE = Automatic;
				INFOPLIST_FILE = ThreadsTests/Info.plist;
				IPHONEOS_DEPLOYMENT_TARGET = 14.5;
				LD_RUNPATH_SEARCH_PATHS = (
					"$(inherited)",
					"@executable_path/Frameworks",
					"@loader_path/Frameworks",
				);
				PRODUCT_BUNDLE_IDENTIFIER = gipfel.ThreadsTests;
				PRODUCT_NAME = "$(TARGET_NAME)";
				SWIFT_VERSION = 5.0;
				TARGETED_DEVICE_FAMILY = "1,2";
				TEST_HOST = "$(BUILT_PRODUCTS_DIR)/Threads.app/Threads";
			};
			name = Debug;
		};
		E5203E25269CB16B00D46F1C /* Release */ = {
			isa = XCBuildConfiguration;
			buildSettings = {
				ALWAYS_EMBED_SWIFT_STANDARD_LIBRARIES = YES;
				BUNDLE_LOADER = "$(TEST_HOST)";
				CODE_SIGN_STYLE = Automatic;
				INFOPLIST_FILE = ThreadsTests/Info.plist;
				IPHONEOS_DEPLOYMENT_TARGET = 14.5;
				LD_RUNPATH_SEARCH_PATHS = (
					"$(inherited)",
					"@executable_path/Frameworks",
					"@loader_path/Frameworks",
				);
				PRODUCT_BUNDLE_IDENTIFIER = gipfel.ThreadsTests;
				PRODUCT_NAME = "$(TARGET_NAME)";
				SWIFT_VERSION = 5.0;
				TARGETED_DEVICE_FAMILY = "1,2";
				TEST_HOST = "$(BUILT_PRODUCTS_DIR)/Threads.app/Threads";
			};
			name = Release;
		};
		E5203E27269CB16B00D46F1C /* Debug */ = {
			isa = XCBuildConfiguration;
			buildSettings = {
				ALWAYS_EMBED_SWIFT_STANDARD_LIBRARIES = YES;
				CODE_SIGN_STYLE = Automatic;
				INFOPLIST_FILE = ThreadsUITests/Info.plist;
				LD_RUNPATH_SEARCH_PATHS = (
					"$(inherited)",
					"@executable_path/Frameworks",
					"@loader_path/Frameworks",
				);
				PRODUCT_BUNDLE_IDENTIFIER = gipfel.ThreadsUITests;
				PRODUCT_NAME = "$(TARGET_NAME)";
				SWIFT_VERSION = 5.0;
				TARGETED_DEVICE_FAMILY = "1,2";
				TEST_TARGET_NAME = Threads;
			};
			name = Debug;
		};
		E5203E28269CB16B00D46F1C /* Release */ = {
			isa = XCBuildConfiguration;
			buildSettings = {
				ALWAYS_EMBED_SWIFT_STANDARD_LIBRARIES = YES;
				CODE_SIGN_STYLE = Automatic;
				INFOPLIST_FILE = ThreadsUITests/Info.plist;
				LD_RUNPATH_SEARCH_PATHS = (
					"$(inherited)",
					"@executable_path/Frameworks",
					"@loader_path/Frameworks",
				);
				PRODUCT_BUNDLE_IDENTIFIER = gipfel.ThreadsUITests;
				PRODUCT_NAME = "$(TARGET_NAME)";
				SWIFT_VERSION = 5.0;
				TARGETED_DEVICE_FAMILY = "1,2";
				TEST_TARGET_NAME = Threads;
			};
			name = Release;
		};
/* End XCBuildConfiguration section */

/* Begin XCConfigurationList section */
		E5203DEE269CB16500D46F1C /* Build configuration list for PBXProject "Threads" */ = {
			isa = XCConfigurationList;
			buildConfigurations = (
				E5203E1E269CB16B00D46F1C /* Debug */,
				E5203E1F269CB16B00D46F1C /* Release */,
			);
			defaultConfigurationIsVisible = 0;
			defaultConfigurationName = Release;
		};
		E5203E20269CB16B00D46F1C /* Build configuration list for PBXNativeTarget "Threads" */ = {
			isa = XCConfigurationList;
			buildConfigurations = (
				E5203E21269CB16B00D46F1C /* Debug */,
				E5203E22269CB16B00D46F1C /* Release */,
			);
			defaultConfigurationIsVisible = 0;
			defaultConfigurationName = Release;
		};
		E5203E23269CB16B00D46F1C /* Build configuration list for PBXNativeTarget "ThreadsTests" */ = {
			isa = XCConfigurationList;
			buildConfigurations = (
				E5203E24269CB16B00D46F1C /* Debug */,
				E5203E25269CB16B00D46F1C /* Release */,
			);
			defaultConfigurationIsVisible = 0;
			defaultConfigurationName = Release;
		};
		E5203E26269CB16B00D46F1C /* Build configuration list for PBXNativeTarget "ThreadsUITests" */ = {
			isa = XCConfigurationList;
			buildConfigurations = (
				E5203E27269CB16B00D46F1C /* Debug */,
				E5203E28269CB16B00D46F1C /* Release */,
			);
			defaultConfigurationIsVisible = 0;
			defaultConfigurationName = Release;
		};
/* End XCConfigurationList section */

/* Begin XCVersionGroup section */
		E5203DFF269CB16500D46F1C /* Threads.xcdatamodeld */ = {
			isa = XCVersionGroup;
			children = (
				E5203E00269CB16500D46F1C /* Threads.xcdatamodel */,
			);
			currentVersion = E5203E00269CB16500D46F1C /* Threads.xcdatamodel */;
			path = Threads.xcdatamodeld;
			sourceTree = "<group>";
			versionGroupType = wrapper.xcdatamodel;
		};
/* End XCVersionGroup section */
	};
	rootObject = E5203DEB269CB16500D46F1C /* Project object */;
}
